
Microsoft Visual Studio Solution File, Format Version 12.00
# Visual Studio 2012
Project("{FAE04EC0-301F-11D3-BF4B-00C04F79EFBC}") = "WpfPlantilla de datos", "WpfPlantilla de datos.csproj", "{456BD2AC-C8F9-426E-AC40-60F1AB0F7862}"
EndProject
Global
	GlobalSection(SolutionConfigurationPlatforms) = preSolution
		Debug|Any CPU = Debug|Any CPU
		Release|Any CPU = Release|Any CPU
	EndGlobalSection
	GlobalSection(ProjectConfigurationPlatforms) = postSolution
		{456BD2AC-C8F9-426E-AC40-60F1AB0F7862}.Debug|Any CPU.ActiveCfg = Debug|Any CPU
		{456BD2AC-C8F9-426E-AC40-60F1AB0F7862}.Debug|Any CPU.Build.0 = Debug|Any CPU
		{456BD2AC-C8F9-426E-AC40-60F1AB0F7862}.Release|Any CPU.ActiveCfg = Release|Any CPU
		{456BD2AC-C8F9-426E-AC40-60F1AB0F7862}.Release|Any CPU.Build.0 = Release|Any CPU
	EndGlobalSection
	GlobalSection(SolutionProperties) = preSolution
		HideSolutionNode = FALSE
	EndGlobalSection
EndGlobal
